{
    "name": "server-teleport",
    "version": "1.0.0",
    "lockfileVersion": 1,
    "requires": true,
    "dependencies": {
        "@minecraft/server": {
            "version": "1.0.0-beta.11940b24",
            "resolved": "https://r.cnpmjs.org/@minecraft/server/-/server-1.0.0-beta.11940b24.tgz",
            "integrity": "sha512-1d5hXQ/g+kWvpoWiQ/IInxTeOxM6RECQ2+l3bR4AmmZ58NRq4pPYevaEvhVs06yKeM/3FmSPVqBu1/Lr6gN1Rg=="
        },
        "@minecraft/server-ui": {
            "version": "1.0.0-beta.11940b24",
            "resolved": "https://r.cnpmjs.org/@minecraft/server-ui/-/server-ui-1.0.0-beta.11940b24.tgz",
            "integrity": "sha512-/E4FKC5Wv5ALExzfT0L45xyawQGAwlRn9W5cs5GmvaTMVwndAcWF39oAcsQcsn/hKEpMzuVFsSIao/pm00+Cgg==",
            "requires": {
                "@minecraft/server": "1.0.0-beta.11940b24"
            }
        },
        "prettier": {
            "version": "2.7.1",
            "resolved": "https://r.cnpmjs.org/prettier/-/prettier-2.7.1.tgz",
            "integrity": "sha512-ujppO+MkdPqoVINuDFDRLClm7D78qbDt0/NR+wp5FqEZOoTNAjPHWj17QRhu7geIHJfcNhRk1XVQmF8Bp3ye+g==",
            "dev": true
        },
        "tslib": {
            "version": "2.4.1",
            "resolved": "https://r.cnpmjs.org/tslib/-/tslib-2.4.1.tgz",
            "integrity": "sha512-tGyy4dAjRIEwI7BzsB0lynWgOpfqjUdq91XXAlIWD2OwKBH7oCl/GZG/HT4BOHrTlPMOASlMQ7veyTqpmRcrNA==",
            "dev": true
        },
        "typescript": {
            "version": "4.8.4",
            "resolved": "https://r.cnpmjs.org/typescript/-/typescript-4.8.4.tgz",
            "integrity": "sha512-QCh+85mCy+h0IGff8r5XWzOVSbBO+KfeYrMQh7NJ58QujwcE22u+NUSmUxqF+un70P9GXKxa2HCNiTTMJknyjQ==",
            "dev": true
        }
    }
}
