{
    "name": "minecraft-server-teleport",
    "version": "1.2.4",
    "lockfileVersion": 3,
    "requires": true,
    "packages": {
        "": {
            "name": "minecraft-server-teleport",
            "version": "1.2.4",
            "license": "Apache-2.0",
            "dependencies": {
                "@minecraft/server": "^1.1.0-beta.release.1.19.50",
                "@minecraft/server-ui": "^1.0.0-beta.release.1.19.50"
            },
            "devDependencies": {
                "prettier": "^2.7.1",
                "tslib": "^2.4.1",
                "typescript": "^4.8.4"
            }
        },
        "node_modules/@minecraft/server": {
            "version": "1.1.0-beta.release.1.19.50",
            "resolved": "https://registry.npmjs.org/@minecraft/server/-/server-1.1.0-beta.release.1.19.50.tgz",
            "integrity": "sha512-cuyY7QMd5HgzI71Pu/Z7Ii6Ux4fNUf2q/OtXZn14+QTRlC3SaPrPvGIVkSswMhQbcPxL7+uRNtN3CAB3H3PJMA=="
        },
        "node_modules/@minecraft/server-ui": {
            "version": "1.0.0-beta.release.1.19.50",
            "resolved": "https://registry.npmjs.org/@minecraft/server-ui/-/server-ui-1.0.0-beta.release.1.19.50.tgz",
            "integrity": "sha512-hWd1pPmil66kECrbqtMRebp4hSDRbUbjs4+A0L1fvUsXb45uL7HTvuxKIbyhbccTHs3VCod/hQSdoTIzCrsfSw==",
            "dependencies": {
                "@minecraft/server": "1.1.0-beta.release.1.19.50"
            }
        },
        "node_modules/prettier": {
            "version": "2.8.1",
            "resolved": "https://r.cnpmjs.org/prettier/-/prettier-2.8.1.tgz",
            "integrity": "sha512-lqGoSJBQNJidqCHE80vqZJHWHRFoNYsSpP9AjFhlhi9ODCJA541svILes/+/1GM3VaL/abZi7cpFzOpdR9UPKg==",
            "dev": true,
            "bin": {
                "prettier": "bin-prettier.js"
            },
            "engines": {
                "node": ">=10.13.0"
            }
        },
        "node_modules/tslib": {
            "version": "2.4.1",
            "resolved": "https://r.cnpmjs.org/tslib/-/tslib-2.4.1.tgz",
            "integrity": "sha512-tGyy4dAjRIEwI7BzsB0lynWgOpfqjUdq91XXAlIWD2OwKBH7oCl/GZG/HT4BOHrTlPMOASlMQ7veyTqpmRcrNA==",
            "dev": true
        },
        "node_modules/typescript": {
            "version": "4.9.4",
            "resolved": "https://r.cnpmjs.org/typescript/-/typescript-4.9.4.tgz",
            "integrity": "sha512-Uz+dTXYzxXXbsFpM86Wh3dKCxrQqUcVMxwU54orwlJjOpO3ao8L7j5lH+dWfTwgCwIuM9GQ2kvVotzYJMXTBZg==",
            "dev": true,
            "bin": {
                "tsc": "bin/tsc",
                "tsserver": "bin/tsserver"
            },
            "engines": {
                "node": ">=4.2.0"
            }
        }
    }
}
